
Microsoft Visual Studio Solution File, Format Version 12.00
# Visual Studio Version 16
VisualStudioVersion = 16.0.31624.102
MinimumVisualStudioVersion = 10.0.40219.1
Project("{FAE04EC0-301F-11D3-BF4B-00C04F79EFBC}") = "TelegramBot", "TelegramBot\TelegramBot.csproj", "{4F5E9B6B-C3BE-4582-B0EA-3D15F5413507}"
EndProject
Global
	GlobalSection(SolutionConfigurationPlatforms) = preSolution
		Debug|Any CPU = Debug|Any CPU
		Release|Any CPU = Release|Any CPU
	EndGlobalSection
	GlobalSection(ProjectConfigurationPlatforms) = postSolution
		{4F5E9B6B-C3BE-4582-B0EA-3D15F5413507}.Debug|Any CPU.ActiveCfg = Debug|Any CPU
		{4F5E9B6B-C3BE-4582-B0EA-3D15F5413507}.Debug|Any CPU.Build.0 = Debug|Any CPU
		{4F5E9B6B-C3BE-4582-B0EA-3D15F5413507}.Release|Any CPU.ActiveCfg = Release|Any CPU
		{4F5E9B6B-C3BE-4582-B0EA-3D15F5413507}.Release|Any CPU.Build.0 = Release|Any CPU
	EndGlobalSection
	GlobalSection(SolutionProperties) = preSolution
		HideSolutionNode = FALSE
	EndGlobalSection
	GlobalSection(ExtensibilityGlobals) = postSolution
		SolutionGuid = {D872443C-C19A-4ECF-8E93-FCD9272D5C9B}
	EndGlobalSection
EndGlobal
